
Microsoft Visual Studio Solution File, Format Version 12.00
# Visual Studio 15
VisualStudioVersion = 15.0.28307.106
MinimumVisualStudioVersion = 10.0.40219.1
Project("{FAE04EC0-301F-11D3-BF4B-00C04F79EFBC}") = "ProjetoHeranca", "ProjetoHeranca\ProjetoHeranca.csproj", "{C9459820-7E1C-4D7E-86B6-81F1F5324EFB}"
EndProject
Global
	GlobalSection(SolutionConfigurationPlatforms) = preSolution
		Debug|Any CPU = Debug|Any CPU
		Release|Any CPU = Release|Any CPU
	EndGlobalSection
	GlobalSection(ProjectConfigurationPlatforms) = postSolution
		{C9459820-7E1C-4D7E-86B6-81F1F5324EFB}.Debug|Any CPU.ActiveCfg = Debug|Any CPU
		{C9459820-7E1C-4D7E-86B6-81F1F5324EFB}.Debug|Any CPU.Build.0 = Debug|Any CPU
		{C9459820-7E1C-4D7E-86B6-81F1F5324EFB}.Release|Any CPU.ActiveCfg = Release|Any CPU
		{C9459820-7E1C-4D7E-86B6-81F1F5324EFB}.Release|Any CPU.Build.0 = Release|Any CPU
	EndGlobalSection
	GlobalSection(SolutionProperties) = preSolution
		HideSolutionNode = FALSE
	EndGlobalSection
	GlobalSection(ExtensibilityGlobals) = postSolution
		SolutionGuid = {F19A6214-D4B5-4884-910E-53D568FC5398}
	EndGlobalSection
EndGlobal
