
Microsoft Visual Studio Solution File, Format Version 12.00
# Visual Studio 15
VisualStudioVersion = 15.0.28307.106
MinimumVisualStudioVersion = 10.0.40219.1
Project("{FAE04EC0-301F-11D3-BF4B-00C04F79EFBC}") = "ProjetoBanco", "ProjetoBanco\ProjetoBanco.csproj", "{7E259F3C-5A8C-44C0-BAC4-77C2ECF59BD2}"
EndProject
Global
	GlobalSection(SolutionConfigurationPlatforms) = preSolution
		Debug|Any CPU = Debug|Any CPU
		Release|Any CPU = Release|Any CPU
	EndGlobalSection
	GlobalSection(ProjectConfigurationPlatforms) = postSolution
		{7E259F3C-5A8C-44C0-BAC4-77C2ECF59BD2}.Debug|Any CPU.ActiveCfg = Debug|Any CPU
		{7E259F3C-5A8C-44C0-BAC4-77C2ECF59BD2}.Debug|Any CPU.Build.0 = Debug|Any CPU
		{7E259F3C-5A8C-44C0-BAC4-77C2ECF59BD2}.Release|Any CPU.ActiveCfg = Release|Any CPU
		{7E259F3C-5A8C-44C0-BAC4-77C2ECF59BD2}.Release|Any CPU.Build.0 = Release|Any CPU
	EndGlobalSection
	GlobalSection(SolutionProperties) = preSolution
		HideSolutionNode = FALSE
	EndGlobalSection
	GlobalSection(ExtensibilityGlobals) = postSolution
		SolutionGuid = {4E38B50B-9C65-4962-910B-D445591F7F17}
	EndGlobalSection
EndGlobal
