
Microsoft Visual Studio Solution File, Format Version 12.00
# Visual Studio 15
VisualStudioVersion = 15.0.28307.106
MinimumVisualStudioVersion = 10.0.40219.1
Project("{FAE04EC0-301F-11D3-BF4B-00C04F79EFBC}") = "MeuPrimeiroProjeto", "MeuPrimeiroProjeto\MeuPrimeiroProjeto.csproj", "{1508BD9A-6970-42D5-AFFA-A215B7AF25B0}"
EndProject
Global
	GlobalSection(SolutionConfigurationPlatforms) = preSolution
		Debug|Any CPU = Debug|Any CPU
		Release|Any CPU = Release|Any CPU
	EndGlobalSection
	GlobalSection(ProjectConfigurationPlatforms) = postSolution
		{1508BD9A-6970-42D5-AFFA-A215B7AF25B0}.Debug|Any CPU.ActiveCfg = Debug|Any CPU
		{1508BD9A-6970-42D5-AFFA-A215B7AF25B0}.Debug|Any CPU.Build.0 = Debug|Any CPU
		{1508BD9A-6970-42D5-AFFA-A215B7AF25B0}.Release|Any CPU.ActiveCfg = Release|Any CPU
		{1508BD9A-6970-42D5-AFFA-A215B7AF25B0}.Release|Any CPU.Build.0 = Release|Any CPU
	EndGlobalSection
	GlobalSection(SolutionProperties) = preSolution
		HideSolutionNode = FALSE
	EndGlobalSection
	GlobalSection(ExtensibilityGlobals) = postSolution
		SolutionGuid = {8FBD5BC8-6A15-4D57-B8D5-D6FB3FBA43A0}
	EndGlobalSection
EndGlobal
